
Microsoft Visual Studio Solution File, Format Version 12.00
# Visual Studio Version 16
VisualStudioVersion = 16.0.29020.237
MinimumVisualStudioVersion = 10.0.40219.1
Project("{FAE04EC0-301F-11D3-BF4B-00C04F79EFBC}") = "QnA_Maker", "QnA_Maker.csproj", "{AC8EFCCF-B9EC-4ECA-A8A8-F963EA2A497E}"
EndProject
Global
	GlobalSection(SolutionConfigurationPlatforms) = preSolution
		Debug|Any CPU = Debug|Any CPU
		Release|Any CPU = Release|Any CPU
	EndGlobalSection
	GlobalSection(ProjectConfigurationPlatforms) = postSolution
		{AC8EFCCF-B9EC-4ECA-A8A8-F963EA2A497E}.Debug|Any CPU.ActiveCfg = Debug|Any CPU
		{AC8EFCCF-B9EC-4ECA-A8A8-F963EA2A497E}.Debug|Any CPU.Build.0 = Debug|Any CPU
		{AC8EFCCF-B9EC-4ECA-A8A8-F963EA2A497E}.Release|Any CPU.ActiveCfg = Release|Any CPU
		{AC8EFCCF-B9EC-4ECA-A8A8-F963EA2A497E}.Release|Any CPU.Build.0 = Release|Any CPU
	EndGlobalSection
	GlobalSection(SolutionProperties) = preSolution
		HideSolutionNode = FALSE
	EndGlobalSection
	GlobalSection(ExtensibilityGlobals) = postSolution
		SolutionGuid = {D00775CB-A76B-4ACA-913E-64D855EC0370}
	EndGlobalSection
EndGlobal
